
Microsoft Visual Studio Solution File, Format Version 12.00
# Visual Studio Version 16
VisualStudioVersion = 16.0.30517.126
MinimumVisualStudioVersion = 10.0.40219.1
Project("{FAE04EC0-301F-11D3-BF4B-00C04F79EFBC}") = "WebAppSeo", "WebAppSeo\WebAppSeo.csproj", "{9904BDF6-EDB7-4056-AE69-22DB063A0841}"
EndProject
Project("{FAE04EC0-301F-11D3-BF4B-00C04F79EFBC}") = "Canducci.SEO", "Canducci.SEO\Canducci.SEO.csproj", "{3A2F7781-DAFD-445C-9FE5-955AB1E14526}"
EndProject
Global
	GlobalSection(SolutionConfigurationPlatforms) = preSolution
		Debug|Any CPU = Debug|Any CPU
		Release|Any CPU = Release|Any CPU
	EndGlobalSection
	GlobalSection(ProjectConfigurationPlatforms) = postSolution
		{9904BDF6-EDB7-4056-AE69-22DB063A0841}.Debug|Any CPU.ActiveCfg = Debug|Any CPU
		{9904BDF6-EDB7-4056-AE69-22DB063A0841}.Debug|Any CPU.Build.0 = Debug|Any CPU
		{9904BDF6-EDB7-4056-AE69-22DB063A0841}.Release|Any CPU.ActiveCfg = Release|Any CPU
		{9904BDF6-EDB7-4056-AE69-22DB063A0841}.Release|Any CPU.Build.0 = Release|Any CPU
		{3A2F7781-DAFD-445C-9FE5-955AB1E14526}.Debug|Any CPU.ActiveCfg = Debug|Any CPU
		{3A2F7781-DAFD-445C-9FE5-955AB1E14526}.Debug|Any CPU.Build.0 = Debug|Any CPU
		{3A2F7781-DAFD-445C-9FE5-955AB1E14526}.Release|Any CPU.ActiveCfg = Release|Any CPU
		{3A2F7781-DAFD-445C-9FE5-955AB1E14526}.Release|Any CPU.Build.0 = Release|Any CPU
	EndGlobalSection
	GlobalSection(SolutionProperties) = preSolution
		HideSolutionNode = FALSE
	EndGlobalSection
	GlobalSection(ExtensibilityGlobals) = postSolution
		SolutionGuid = {1D6C6D06-6E31-4A62-BCAE-F06C30E9EBC5}
	EndGlobalSection
EndGlobal
